
Microsoft Visual Studio Solution File, Format Version 12.00
Project("{FAE04EC0-301F-11D3-BF4B-00C04F79EFBC}") = "HomeCooking.Api", "HomeCooking.Api\HomeCooking.Api.csproj", "{CA69E9B7-5735-4961-9DA3-655899ADDEF9}"
EndProject
Project("{FAE04EC0-301F-11D3-BF4B-00C04F79EFBC}") = "HomeCooking.Domain", "HomeCooking.Domain\HomeCooking.Domain.csproj", "{A35B02FD-176F-4DBD-ABAF-A9762B4603A5}"
EndProject
Project("{FAE04EC0-301F-11D3-BF4B-00C04F79EFBC}") = "HomeCooking.Data", "HomeCooking.Data\HomeCooking.Data.csproj", "{25A96594-6942-457C-B7EB-79B01D1FB25F}"
EndProject
Project("{FAE04EC0-301F-11D3-BF4B-00C04F79EFBC}") = "HomeCooking.Domain.Tests", "HomeCooking.Domain.Tests\HomeCooking.Domain.Tests.csproj", "{738CB1FF-ED31-423E-9F2D-728099C86B49}"
EndProject
Project("{FAE04EC0-301F-11D3-BF4B-00C04F79EFBC}") = "HomeCooking.Api.Tests", "HomeCooking.Api.Tests\HomeCooking.Api.Tests.csproj", "{7924CBAB-E40C-45E1-AEF3-DA9CFE61FD78}"
EndProject
Project("{FAE04EC0-301F-11D3-BF4B-00C04F79EFBC}") = "HomeCooking.Application", "HomeCooking.Application\HomeCooking.Application.csproj", "{CEFB0D7D-3643-4F0A-BF53-430DA6C89CC9}"
EndProject
Project("{FAE04EC0-301F-11D3-BF4B-00C04F79EFBC}") = "HomeCooking.Logging", "HomeCooking.Logging\HomeCooking.Logging.csproj", "{3E4518C2-88ED-4B17-8FED-16EA2C8A303A}"
EndProject
Project("{2150E333-8FDC-42A3-9474-1A3956D46DE8}") = "dapr", "dapr", "{7DFA7697-B7E5-4808-A217-AA49A61D50CB}"
ProjectSection(SolutionItems) = preProject
	dapr\dapr-components.yaml = dapr\dapr-components.yaml
EndProjectSection
EndProject
Project("{FAE04EC0-301F-11D3-BF4B-00C04F79EFBC}") = "docker-compose", "docker-compose.dcproj", "{250B824E-6A72-4D6E-8287-CC73F40410E9}"
EndProject
Global
	GlobalSection(SolutionConfigurationPlatforms) = preSolution
		Debug|Any CPU = Debug|Any CPU
		Release|Any CPU = Release|Any CPU
	EndGlobalSection
	GlobalSection(ProjectConfigurationPlatforms) = postSolution
		{CA69E9B7-5735-4961-9DA3-655899ADDEF9}.Debug|Any CPU.ActiveCfg = Debug|Any CPU
		{CA69E9B7-5735-4961-9DA3-655899ADDEF9}.Debug|Any CPU.Build.0 = Debug|Any CPU
		{CA69E9B7-5735-4961-9DA3-655899ADDEF9}.Release|Any CPU.ActiveCfg = Release|Any CPU
		{CA69E9B7-5735-4961-9DA3-655899ADDEF9}.Release|Any CPU.Build.0 = Release|Any CPU
		{A35B02FD-176F-4DBD-ABAF-A9762B4603A5}.Debug|Any CPU.ActiveCfg = Debug|Any CPU
		{A35B02FD-176F-4DBD-ABAF-A9762B4603A5}.Debug|Any CPU.Build.0 = Debug|Any CPU
		{A35B02FD-176F-4DBD-ABAF-A9762B4603A5}.Release|Any CPU.ActiveCfg = Release|Any CPU
		{A35B02FD-176F-4DBD-ABAF-A9762B4603A5}.Release|Any CPU.Build.0 = Release|Any CPU
		{25A96594-6942-457C-B7EB-79B01D1FB25F}.Debug|Any CPU.ActiveCfg = Debug|Any CPU
		{25A96594-6942-457C-B7EB-79B01D1FB25F}.Debug|Any CPU.Build.0 = Debug|Any CPU
		{25A96594-6942-457C-B7EB-79B01D1FB25F}.Release|Any CPU.ActiveCfg = Release|Any CPU
		{25A96594-6942-457C-B7EB-79B01D1FB25F}.Release|Any CPU.Build.0 = Release|Any CPU
		{738CB1FF-ED31-423E-9F2D-728099C86B49}.Debug|Any CPU.ActiveCfg = Debug|Any CPU
		{738CB1FF-ED31-423E-9F2D-728099C86B49}.Debug|Any CPU.Build.0 = Debug|Any CPU
		{738CB1FF-ED31-423E-9F2D-728099C86B49}.Release|Any CPU.ActiveCfg = Release|Any CPU
		{738CB1FF-ED31-423E-9F2D-728099C86B49}.Release|Any CPU.Build.0 = Release|Any CPU
		{7924CBAB-E40C-45E1-AEF3-DA9CFE61FD78}.Debug|Any CPU.ActiveCfg = Debug|Any CPU
		{7924CBAB-E40C-45E1-AEF3-DA9CFE61FD78}.Debug|Any CPU.Build.0 = Debug|Any CPU
		{7924CBAB-E40C-45E1-AEF3-DA9CFE61FD78}.Release|Any CPU.ActiveCfg = Release|Any CPU
		{7924CBAB-E40C-45E1-AEF3-DA9CFE61FD78}.Release|Any CPU.Build.0 = Release|Any CPU
		{CEFB0D7D-3643-4F0A-BF53-430DA6C89CC9}.Debug|Any CPU.ActiveCfg = Debug|Any CPU
		{CEFB0D7D-3643-4F0A-BF53-430DA6C89CC9}.Debug|Any CPU.Build.0 = Debug|Any CPU
		{CEFB0D7D-3643-4F0A-BF53-430DA6C89CC9}.Release|Any CPU.ActiveCfg = Release|Any CPU
		{CEFB0D7D-3643-4F0A-BF53-430DA6C89CC9}.Release|Any CPU.Build.0 = Release|Any CPU
		{3E4518C2-88ED-4B17-8FED-16EA2C8A303A}.Debug|Any CPU.ActiveCfg = Debug|Any CPU
		{3E4518C2-88ED-4B17-8FED-16EA2C8A303A}.Debug|Any CPU.Build.0 = Debug|Any CPU
		{3E4518C2-88ED-4B17-8FED-16EA2C8A303A}.Release|Any CPU.ActiveCfg = Release|Any CPU
		{3E4518C2-88ED-4B17-8FED-16EA2C8A303A}.Release|Any CPU.Build.0 = Release|Any CPU
		{250B824E-6A72-4D6E-8287-CC73F40410E9}.Debug|Any CPU.ActiveCfg = Debug|Any CPU
		{250B824E-6A72-4D6E-8287-CC73F40410E9}.Release|Any CPU.ActiveCfg = Debug|Any CPU
		{250B824E-6A72-4D6E-8287-CC73F40410E9}.Release|Any CPU.Build.0 = Debug|Any CPU
	EndGlobalSection
EndGlobal
